{
  "object": {
    "pins": [
      {
        "package": "MJRefresh",
        "repositoryURL": "https://github.com/CoderMJLee/MJRefresh",
        "state": {
          "branch": null,
          "revision": "535d39c86e592d73f8b8e75f9bf1eda62ca4a4ce",
          "version": "3.7.9"
        }
      },
      {
        "package": "RSKGrowingTextView",
        "repositoryURL": "https://github.com/ruslanskorb/RSKGrowingTextView",
        "state": {
          "branch": null,
          "revision": "f1ffc902e0ecdd0f66e8d3e7f0b7dbd3461e2dd3",
          "version": "8.0.1"
        }
      },
      {
        "package": "RSKPlaceholderTextView",
        "repositoryURL": "https://github.com/ruslanskorb/RSKPlaceholderTextView.git",
        "state": {
          "branch": null,
          "revision": "fe0f152cb4cf892cd4893fab50a61e502e5ea033",
          "version": "8.0.1"
        }
      },
      {
        "package": "SnapKit",
        "repositoryURL": "https://github.com/SnapKit/SnapKit",
        "state": {
          "branch": null,
          "revision": "2842e6e84e82eb9a8dac0100ca90d9444b0307f4",
          "version": "5.7.1"
        }
      }
    ]
  },
  "version": 1
}
